{
  "name": "Job_portal",
  "lockfileVersion": 3,
  "requires": true,
  "packages": {
    "": {
      "dependencies": {
        "deep-email-validator": "^0.1.21"
      }
    },
    "node_modules/@types/disposable-email-domains": {
      "version": "1.0.6",
      "resolved": "https://registry.npmjs.org/@types/disposable-email-domains/-/disposable-email-domains-1.0.6.tgz",
      "integrity": "sha512-+jHw0Q4ERuVYIChlUaoSm/VEuuNFeW7JgUU8Rwa9V1ym6q+gkGmBK5sGTDKqlfmsSdI5bFMHKlEatirPFvd8Xw==",
      "license": "MIT"
    },
    "node_modules/axios": {
      "version": "0.24.0",
      "license": "MIT",
      "dependencies": {
        "follow-redirects": "^1.14.4"
      }
    },
    "node_modules/deep-email-validator": {
      "version": "0.1.21",
      "resolved": "https://registry.npmjs.org/deep-email-validator/-/deep-email-validator-0.1.21.tgz",
      "integrity": "sha512-DBAmMzbr+MAubXQ+TS9tZuPwLcdKscb8YzKZiwoLqF3NmaeEgXvSSHhZ0EXOFeKFE2FNWC4mNXCyiQ/JdFXUwg==",
      "license": "MIT",
      "dependencies": {
        "@types/disposable-email-domains": "^1.0.1",
        "axios": "^0.24.0",
        "disposable-email-domains": "^1.0.59",
        "mailcheck": "^1.1.1"
      }
    },
    "node_modules/disposable-email-domains": {
      "version": "1.0.62",
      "license": "MIT"
    },
    "node_modules/follow-redirects": {
      "version": "1.15.11",
      "funding": [
        {
          "type": "individual",
          "url": "https://github.com/sponsors/RubenVerborgh"
        }
      ],
      "license": "MIT",
      "engines": {
        "node": ">=4.0"
      },
      "peerDependenciesMeta": {
        "debug": {
          "optional": true
        }
      }
    },
    "node_modules/mailcheck": {
      "version": "1.1.1"
    }
  }
}
